// !$*UTF8*$!
{
	archiveVersion = 1;
	classes = {
	};
	objectVersion = 46;
	objects = {

/* Begin PBXBuildFile section */
		00104EEA1A5A723B00164391 /* AppDelegate.swift in Sources */ = {isa = PBXBuildFile; fileRef = 00104EE91A5A723B00164391 /* AppDelegate.swift */; };
		00104EEC1A5A723B00164391 /* ViewController.swift in Sources */ = {isa = PBXBuildFile; fileRef = 00104EEB1A5A723B00164391 /* ViewController.swift */; };
		00104EEF1A5A723B00164391 /* Main.storyboard in Resources */ = {isa = PBXBuildFile; fileRef = 00104EED1A5A723B00164391 /* Main.storyboard */; };
		00104EF11A5A723B00164391 /* Images.xcassets in Resources */ = {isa = PBXBuildFile; fileRef = 00104EF01A5A723B00164391 /* Images.xcassets */; };
		00104EF41A5A723B00164391 /* LaunchScreen.xib in Resources */ = {isa = PBXBuildFile; fileRef = 00104EF21A5A723B00164391 /* LaunchScreen.xib */; };
		00104F001A5A723B00164391 /* CarthageTestTests.swift in Sources */ = {isa = PBXBuildFile; fileRef = 00104EFF1A5A723B00164391 /* CarthageTestTests.swift */; };
		006A0F3C1A5A74000066343C /* Alamofire.framework in Frameworks */ = {isa = PBXBuildFile; fileRef = 006A0F3A1A5A74000066343C /* Alamofire.framework */; };
		006A0F3D1A5A74000066343C /* Mantle.framework in Frameworks */ = {isa = PBXBuildFile; fileRef = 006A0F3B1A5A74000066343C /* Mantle.framework */; };
/* End PBXBuildFile section */

/* Begin PBXContainerItemProxy section */
		00104EFA1A5A723B00164391 /* PBXContainerItemProxy */ = {
			isa = PBXContainerItemProxy;
			containerPortal = 00104EDC1A5A723B00164391 /* Project object */;
			proxyType = 1;
			remoteGlobalIDString = 00104EE31A5A723B00164391;
			remoteInfo = CarthageTest;
		};
/* End PBXContainerItemProxy section */

/* Begin PBXFileReference section */
		00104EE41A5A723B00164391 /* CarthageTest.app */ = {isa = PBXFileReference; explicitFileType = wrapper.application; includeInIndex = 0; path = CarthageTest.app; sourceTree = BUILT_PRODUCTS_DIR; };
		00104EE81A5A723B00164391 /* Info.plist */ = {isa = PBXFileReference; lastKnownFileType = text.plist.xml; path = Info.plist; sourceTree = "<group>"; };
		00104EE91A5A723B00164391 /* AppDelegate.swift */ = {isa = PBXFileReference; lastKnownFileType = sourcecode.swift; path = AppDelegate.swift; sourceTree = "<group>"; };
		00104EEB1A5A723B00164391 /* ViewController.swift */ = {isa = PBXFileReference; lastKnownFileType = sourcecode.swift; path = ViewController.swift; sourceTree = "<group>"; };
		00104EEE1A5A723B00164391 /* Base */ = {isa = PBXFileReference; lastKnownFileType = file.storyboard; name = Base; path = Base.lproj/Main.storyboard; sourceTree = "<group>"; };
		00104EF01A5A723B00164391 /* Images.xcassets */ = {isa = PBXFileReference; lastKnownFileType = folder.assetcatalog; path = Images.xcassets; sourceTree = "<group>"; };
		00104EF31A5A723B00164391 /* Base */ = {isa = PBXFileReference; lastKnownFileType = file.xib; name = Base; path = Base.lproj/LaunchScreen.xib; sourceTree = "<group>"; };
		00104EF91A5A723B00164391 /* CarthageTestTests.xctest */ = {isa = PBXFileReference; explicitFileType = wrapper.cfbundle; includeInIndex = 0; path = CarthageTestTests.xctest; sourceTree = BUILT_PRODUCTS_DIR; };
		00104EFE1A5A723B00164391 /* Info.plist */ = {isa = PBXFileReference; lastKnownFileType = text.plist.xml; path = Info.plist; sourceTree = "<group>"; };
		00104EFF1A5A723B00164391 /* CarthageTestTests.swift */ = {isa = PBXFileReference; lastKnownFileType = sourcecode.swift; path = CarthageTestTests.swift; sourceTree = "<group>"; };
		006A0F3A1A5A74000066343C /* Alamofire.framework */ = {isa = PBXFileReference; lastKnownFileType = wrapper.framework; name = Alamofire.framework; path = "../../Carthage/Checkouts/Alamofire/build/Debug-iphoneos/Alamofire.framework"; sourceTree = "<group>"; };
		006A0F3B1A5A74000066343C /* Mantle.framework */ = {isa = PBXFileReference; lastKnownFileType = wrapper.framework; name = Mantle.framework; path = "../../../../Library/Developer/Xcode/DerivedData/Carthage-bpguicoaenrnocgbolnoarnotbxm/Build/Products/Debug/Mantle.framework"; sourceTree = "<group>"; };
/* End PBXFileReference section */

/* Begin PBXFrameworksBuildPhase section */
		00104EE11A5A723B00164391 /* Frameworks */ = {
			isa = PBXFrameworksBuildPhase;
			buildActionMask = 2147483647;
			files = (
				006A0F3C1A5A74000066343C /* Alamofire.framework in Frameworks */,
				006A0F3D1A5A74000066343C /* Mantle.framework in Frameworks */,
			);
			runOnlyForDeploymentPostprocessing = 0;
		};
		00104EF61A5A723B00164391 /* Frameworks */ = {
			isa = PBXFrameworksBuildPhase;
			buildActionMask = 2147483647;
			files = (
			);
			runOnlyForDeploymentPostprocessing = 0;
		};
/* End PBXFrameworksBuildPhase section */

/* Begin PBXGroup section */
		00104EDB1A5A723B00164391 = {
			isa = PBXGroup;
			children = (
				00104EE61A5A723B00164391 /* CarthageTest */,
				00104EFC1A5A723B00164391 /* CarthageTestTests */,
				00104EE51A5A723B00164391 /* Products */,
			);
			sourceTree = "<group>";
		};
		00104EE51A5A723B00164391 /* Products */ = {
			isa = PBXGroup;
			children = (
				00104EE41A5A723B00164391 /* CarthageTest.app */,
				00104EF91A5A723B00164391 /* CarthageTestTests.xctest */,
			);
			name = Products;
			sourceTree = "<group>";
		};
		00104EE61A5A723B00164391 /* CarthageTest */ = {
			isa = PBXGroup;
			children = (
				00104EE91A5A723B00164391 /* AppDelegate.swift */,
				00104EEB1A5A723B00164391 /* ViewController.swift */,
				00104EED1A5A723B00164391 /* Main.storyboard */,
				00104EF01A5A723B00164391 /* Images.xcassets */,
				00104EF21A5A723B00164391 /* LaunchScreen.xib */,
				006A0F3E1A5A740C0066343C /* Frameworks */,
				00104EE71A5A723B00164391 /* Supporting Files */,
			);
			path = CarthageTest;
			sourceTree = "<group>";
		};
		00104EE71A5A723B00164391 /* Supporting Files */ = {
			isa = PBXGroup;
			children = (
				00104EE81A5A723B00164391 /* Info.plist */,
			);
			name = "Supporting Files";
			sourceTree = "<group>";
		};
		00104EFC1A5A723B00164391 /* CarthageTestTests */ = {
			isa = PBXGroup;
			children = (
				00104EFF1A5A723B00164391 /* CarthageTestTests.swift */,
				00104EFD1A5A723B00164391 /* Supporting Files */,
			);
			path = CarthageTestTests;
			sourceTree = "<group>";
		};
		00104EFD1A5A723B00164391 /* Supporting Files */ = {
			isa = PBXGroup;
			children = (
				00104EFE1A5A723B00164391 /* Info.plist */,
			);
			name = "Supporting Files";
			sourceTree = "<group>";
		};
		006A0F3E1A5A740C0066343C /* Frameworks */ = {
			isa = PBXGroup;
			children = (
				006A0F3A1A5A74000066343C /* Alamofire.framework */,
				006A0F3B1A5A74000066343C /* Mantle.framework */,
			);
			name = Frameworks;
			sourceTree = "<group>";
		};
/* End PBXGroup section */

/* Begin PBXNativeTarget section */
		00104EE31A5A723B00164391 /* CarthageTest */ = {
			isa = PBXNativeTarget;
			buildConfigurationList = 00104F031A5A723B00164391 /* Build configuration list for PBXNativeTarget "CarthageTest" */;
			buildPhases = (
				00104EE01A5A723B00164391 /* Sources */,
				00104EE11A5A723B00164391 /* Frameworks */,
				00104EE21A5A723B00164391 /* Resources */,
			);
			buildRules = (
			);
			dependencies = (
			);
			name = CarthageTest;
			productName = CarthageTest;
			productReference = 00104EE41A5A723B00164391 /* CarthageTest.app */;
			productType = "com.apple.product-type.application";
		};
		00104EF81A5A723B00164391 /* CarthageTestTests */ = {
			isa = PBXNativeTarget;
			buildConfigurationList = 00104F061A5A723B00164391 /* Build configuration list for PBXNativeTarget "CarthageTestTests" */;
			buildPhases = (
				00104EF51A5A723B00164391 /* Sources */,
				00104EF61A5A723B00164391 /* Frameworks */,
				00104EF71A5A723B00164391 /* Resources */,
			);
			buildRules = (
			);
			dependencies = (
				00104EFB1A5A723B00164391 /* PBXTargetDependency */,
			);
			name = CarthageTestTests;
			productName = CarthageTestTests;
			productReference = 00104EF91A5A723B00164391 /* CarthageTestTests.xctest */;
			productType = "com.apple.product-type.bundle.unit-test";
		};
/* End PBXNativeTarget section */

/* Begin PBXProject section */
		00104EDC1A5A723B00164391 /* Project object */ = {
			isa = PBXProject;
			attributes = {
				LastUpgradeCheck = 0610;
				ORGANIZATIONNAME = Devon;
				TargetAttributes = {
					00104EE31A5A723B00164391 = {
						CreatedOnToolsVersion = 6.1.1;
					};
					00104EF81A5A723B00164391 = {
						CreatedOnToolsVersion = 6.1.1;
						TestTargetID = 00104EE31A5A723B00164391;
					};
				};
			};
			buildConfigurationList = 00104EDF1A5A723B00164391 /* Build configuration list for PBXProject "CarthageTest" */;
			compatibilityVersion = "Xcode 3.2";
			developmentRegion = English;
			hasScannedForEncodings = 0;
			knownRegions = (
				en,
				Base,
			);
			mainGroup = 00104EDB1A5A723B00164391;
			productRefGroup = 00104EE51A5A723B00164391 /* Products */;
			projectDirPath = "";
			projectRoot = "";
			targets = (
				00104EE31A5A723B00164391 /* CarthageTest */,
				00104EF81A5A723B00164391 /* CarthageTestTests */,
			);
		};
/* End PBXProject section */

/* Begin PBXResourcesBuildPhase section */
		00104EE21A5A723B00164391 /* Resources */ = {
			isa = PBXResourcesBuildPhase;
			buildActionMask = 2147483647;
			files = (
				00104EEF1A5A723B00164391 /* Main.storyboard in Resources */,
				00104EF41A5A723B00164391 /* LaunchScreen.xib in Resources */,
				00104EF11A5A723B00164391 /* Images.xcassets in Resources */,
			);
			runOnlyForDeploymentPostprocessing = 0;
		};
		00104EF71A5A723B00164391 /* Resources */ = {
			isa = PBXResourcesBuildPhase;
			buildActionMask = 2147483647;
			files = (
			);
			runOnlyForDeploymentPostprocessing = 0;
		};
/* End PBXResourcesBuildPhase section */

/* Begin PBXSourcesBuildPhase section */
		00104EE01A5A723B00164391 /* Sources */ = {
			isa = PBXSourcesBuildPhase;
			buildActionMask = 2147483647;
			files = (
				00104EEC1A5A723B00164391 /* ViewController.swift in Sources */,
				00104EEA1A5A723B00164391 /* AppDelegate.swift in Sources */,
			);
			runOnlyForDeploymentPostprocessing = 0;
		};
		00104EF51A5A723B00164391 /* Sources */ = {
			isa = PBXSourcesBuildPhase;
			buildActionMask = 2147483647;
			files = (
				00104F001A5A723B00164391 /* CarthageTestTests.swift in Sources */,
			);
			runOnlyForDeploymentPostprocessing = 0;
		};
/* End PBXSourcesBuildPhase section */

/* Begin PBXTargetDependency section */
		00104EFB1A5A723B00164391 /* PBXTargetDependency */ = {
			isa = PBXTargetDependency;
			target = 00104EE31A5A723B00164391 /* CarthageTest */;
			targetProxy = 00104EFA1A5A723B00164391 /* PBXContainerItemProxy */;
		};
/* End PBXTargetDependency section */

/* Begin PBXVariantGroup section */
		00104EED1A5A723B00164391 /* Main.storyboard */ = {
			isa = PBXVariantGroup;
			children = (
				00104EEE1A5A723B00164391 /* Base */,
			);
			name = Main.storyboard;
			sourceTree = "<group>";
		};
		00104EF21A5A723B00164391 /* LaunchScreen.xib */ = {
			isa = PBXVariantGroup;
			children = (
				00104EF31A5A723B00164391 /* Base */,
			);
			name = LaunchScreen.xib;
			sourceTree = "<group>";
		};
/* End PBXVariantGroup section */

/* Begin XCBuildConfiguration section */
		00104F011A5A723B00164391 /* Debug */ = {
			isa = XCBuildConfiguration;
			buildSettings = {
				ALWAYS_SEARCH_USER_PATHS = NO;
				CLANG_CXX_LANGUAGE_STANDARD = "gnu++0x";
				CLANG_CXX_LIBRARY = "libc++";
				CLANG_ENABLE_MODULES = YES;
				CLANG_ENABLE_OBJC_ARC = YES;
				CLANG_WARN_BOOL_CONVERSION = YES;
				CLANG_WARN_CONSTANT_CONVERSION = YES;
				CLANG_WARN_DIRECT_OBJC_ISA_USAGE = YES_ERROR;
				CLANG_WARN_EMPTY_BODY = YES;
				CLANG_WARN_ENUM_CONVERSION = YES;
				CLANG_WARN_INT_CONVERSION = YES;
				CLANG_WARN_OBJC_ROOT_CLASS = YES_ERROR;
				CLANG_WARN_UNREACHABLE_CODE = YES;
				CLANG_WARN__DUPLICATE_METHOD_MATCH = YES;
				"CODE_SIGN_IDENTITY[sdk=iphoneos*]" = "iPhone Developer";
				COPY_PHASE_STRIP = NO;
				ENABLE_STRICT_OBJC_MSGSEND = YES;
				GCC_C_LANGUAGE_STANDARD = gnu99;
				GCC_DYNAMIC_NO_PIC = NO;
				GCC_OPTIMIZATION_LEVEL = 0;
				GCC_PREPROCESSOR_DEFINITIONS = (
					"DEBUG=1",
					"$(inherited)",
				);
				GCC_SYMBOLS_PRIVATE_EXTERN = NO;
				GCC_WARN_64_TO_32_BIT_CONVERSION = YES;
				GCC_WARN_ABOUT_RETURN_TYPE = YES_ERROR;
				GCC_WARN_UNDECLARED_SELECTOR = YES;
				GCC_WARN_UNINITIALIZED_AUTOS = YES_AGGRESSIVE;
				GCC_WARN_UNUSED_FUNCTION = YES;
				GCC_WARN_UNUSED_VARIABLE = YES;
				IPHONEOS_DEPLOYMENT_TARGET = 8.1;
				MTL_ENABLE_DEBUG_INFO = YES;
				ONLY_ACTIVE_ARCH = YES;
				SDKROOT = iphoneos;
				SWIFT_OPTIMIZATION_LEVEL = "-Onone";
				TARGETED_DEVICE_FAMILY = "1,2";
			};
			name = Debug;
		};
		00104F021A5A723B00164391 /* Release */ = {
			isa = XCBuildConfiguration;
			buildSettings = {
				ALWAYS_SEARCH_USER_PATHS = NO;
				CLANG_CXX_LANGUAGE_STANDARD = "gnu++0x";
				CLANG_CXX_LIBRARY = "libc++";
				CLANG_ENABLE_MODULES = YES;
				CLANG_ENABLE_OBJC_ARC = YES;
				CLANG_WARN_BOOL_CONVERSION = YES;
				CLANG_WARN_CONSTANT_CONVERSION = YES;
				CLANG_WARN_DIRECT_OBJC_ISA_USAGE = YES_ERROR;
				CLANG_WARN_EMPTY_BODY = YES;
				CLANG_WARN_ENUM_CONVERSION = YES;
				CLANG_WARN_INT_CONVERSION = YES;
				CLANG_WARN_OBJC_ROOT_CLASS = YES_ERROR;
				CLANG_WARN_UNREACHABLE_CODE = YES;
				CLANG_WARN__DUPLICATE_METHOD_MATCH = YES;
				"CODE_SIGN_IDENTITY[sdk=iphoneos*]" = "iPhone Developer";
				COPY_PHASE_STRIP = YES;
				ENABLE_NS_ASSERTIONS = NO;
				ENABLE_STRICT_OBJC_MSGSEND = YES;
				GCC_C_LANGUAGE_STANDARD = gnu99;
				GCC_WARN_64_TO_32_BIT_CONVERSION = YES;
				GCC_WARN_ABOUT_RETURN_TYPE = YES_ERROR;
				GCC_WARN_UNDECLARED_SELECTOR = YES;
				GCC_WARN_UNINITIALIZED_AUTOS = YES_AGGRESSIVE;
				GCC_WARN_UNUSED_FUNCTION = YES;
				GCC_WARN_UNUSED_VARIABLE = YES;
				IPHONEOS_DEPLOYMENT_TARGET = 8.1;
				MTL_ENABLE_DEBUG_INFO = NO;
				SDKROOT = iphoneos;
				TARGETED_DEVICE_FAMILY = "1,2";
				VALIDATE_PRODUCT = YES;
			};
			name = Release;
		};
		00104F041A5A723B00164391 /* Debug */ = {
			isa = XCBuildConfiguration;
			buildSettings = {
				ASSETCATALOG_COMPILER_APPICON_NAME = AppIcon;
				INFOPLIST_FILE = CarthageTest/Info.plist;
				LD_RUNPATH_SEARCH_PATHS = "$(inherited) @executable_path/Frameworks";
				PRODUCT_NAME = "$(TARGET_NAME)";
			};
			name = Debug;
		};
		00104F051A5A723B00164391 /* Release */ = {
			isa = XCBuildConfiguration;
			buildSettings = {
				ASSETCATALOG_COMPILER_APPICON_NAME = AppIcon;
				INFOPLIST_FILE = CarthageTest/Info.plist;
				LD_RUNPATH_SEARCH_PATHS = "$(inherited) @executable_path/Frameworks";
				PRODUCT_NAME = "$(TARGET_NAME)";
			};
			name = Release;
		};
		00104F071A5A723B00164391 /* Debug */ = {
			isa = XCBuildConfiguration;
			buildSettings = {
				BUNDLE_LOADER = "$(TEST_HOST)";
				FRAMEWORK_SEARCH_PATHS = (
					"$(SDKROOT)/Developer/Library/Frameworks",
					"$(inherited)",
				);
				GCC_PREPROCESSOR_DEFINITIONS = (
					"DEBUG=1",
					"$(inherited)",
				);
				INFOPLIST_FILE = CarthageTestTests/Info.plist;
				LD_RUNPATH_SEARCH_PATHS = "$(inherited) @executable_path/Frameworks @loader_path/Frameworks";
				PRODUCT_NAME = "$(TARGET_NAME)";
				TEST_HOST = "$(BUILT_PRODUCTS_DIR)/CarthageTest.app/CarthageTest";
			};
			name = Debug;
		};
		00104F081A5A723B00164391 /* Release */ = {
			isa = XCBuildConfiguration;
			buildSettings = {
				BUNDLE_LOADER = "$(TEST_HOST)";
				FRAMEWORK_SEARCH_PATHS = (
					"$(SDKROOT)/Developer/Library/Frameworks",
					"$(inherited)",
				);
				INFOPLIST_FILE = CarthageTestTests/Info.plist;
				LD_RUNPATH_SEARCH_PATHS = "$(inherited) @executable_path/Frameworks @loader_path/Frameworks";
				PRODUCT_NAME = "$(TARGET_NAME)";
				TEST_HOST = "$(BUILT_PRODUCTS_DIR)/CarthageTest.app/CarthageTest";
			};
			name = Release;
		};
/* End XCBuildConfiguration section */

/* Begin XCConfigurationList section */
		00104EDF1A5A723B00164391 /* Build configuration list for PBXProject "CarthageTest" */ = {
			isa = XCConfigurationList;
			buildConfigurations = (
				00104F011A5A723B00164391 /* Debug */,
				00104F021A5A723B00164391 /* Release */,
			);
			defaultConfigurationIsVisible = 0;
			defaultConfigurationName = Release;
		};
		00104F031A5A723B00164391 /* Build configuration list for PBXNativeTarget "CarthageTest" */ = {
			isa = XCConfigurationList;
			buildConfigurations = (
				00104F041A5A723B00164391 /* Debug */,
				00104F051A5A723B00164391 /* Release */,
			);
			defaultConfigurationIsVisible = 0;
			defaultConfigurationName = Release;
		};
		00104F061A5A723B00164391 /* Build configuration list for PBXNativeTarget "CarthageTestTests" */ = {
			isa = XCConfigurationList;
			buildConfigurations = (
				00104F071A5A723B00164391 /* Debug */,
				00104F081A5A723B00164391 /* Release */,
			);
			defaultConfigurationIsVisible = 0;
			defaultConfigurationName = Release;
		};
/* End XCConfigurationList section */
	};
	rootObject = 00104EDC1A5A723B00164391 /* Project object */;
}
